
Microsoft Visual Studio Solution File, Format Version 12.00
# Visual Studio Version 17
VisualStudioVersion = 17.14.36221.1
MinimumVisualStudioVersion = 10.0.40219.1
Project("{FAE04EC0-301F-11D3-BF4B-00C04F79EFBC}") = "AUC", "AUC.csproj", "{95AE708F-6935-72C6-1B98-FCC1DB638880}"
EndProject
Global
	GlobalSection(SolutionConfigurationPlatforms) = preSolution
		Debug|Any CPU = Debug|Any CPU
		Release|Any CPU = Release|Any CPU
	EndGlobalSection
	GlobalSection(ProjectConfigurationPlatforms) = postSolution
		{95AE708F-6935-72C6-1B98-FCC1DB638880}.Debug|Any CPU.ActiveCfg = Debug|Any CPU
		{95AE708F-6935-72C6-1B98-FCC1DB638880}.Debug|Any CPU.Build.0 = Debug|Any CPU
		{95AE708F-6935-72C6-1B98-FCC1DB638880}.Release|Any CPU.ActiveCfg = Release|Any CPU
		{95AE708F-6935-72C6-1B98-FCC1DB638880}.Release|Any CPU.Build.0 = Release|Any CPU
	EndGlobalSection
	GlobalSection(SolutionProperties) = preSolution
		HideSolutionNode = FALSE
	EndGlobalSection
	GlobalSection(ExtensibilityGlobals) = postSolution
		SolutionGuid = {82B24A2D-5096-41B5-A1DC-D9DDB4E6A7F9}
	EndGlobalSection
EndGlobal
